
Microsoft Visual Studio Solution File, Format Version 12.00
# Visual Studio 14
VisualStudioVersion = 14.0.25420.1
MinimumVisualStudioVersion = 10.0.40219.1
Project("{FAE04EC0-301F-11D3-BF4B-00C04F79EFBC}") = "WaveFormRenderer", "WaveFormRenderer\WaveFormRenderer.csproj", "{F5334F42-9D05-43EB-8E98-2C02CED19BDF}"
EndProject
Project("{FAE04EC0-301F-11D3-BF4B-00C04F79EFBC}") = "WaveFormRendererLib", "WaveFormRendererLib\WaveFormRendererLib.csproj", "{3EFEF2D1-5D08-46FD-AF6D-098DBE7FB3B4}"
EndProject
Global
	GlobalSection(SolutionConfigurationPlatforms) = preSolution
		Debug|Any CPU = Debug|Any CPU
		Release|Any CPU = Release|Any CPU
	EndGlobalSection
	GlobalSection(ProjectConfigurationPlatforms) = postSolution
		{F5334F42-9D05-43EB-8E98-2C02CED19BDF}.Debug|Any CPU.ActiveCfg = Debug|Any CPU
		{F5334F42-9D05-43EB-8E98-2C02CED19BDF}.Debug|Any CPU.Build.0 = Debug|Any CPU
		{F5334F42-9D05-43EB-8E98-2C02CED19BDF}.Release|Any CPU.ActiveCfg = Release|Any CPU
		{F5334F42-9D05-43EB-8E98-2C02CED19BDF}.Release|Any CPU.Build.0 = Release|Any CPU
		{3EFEF2D1-5D08-46FD-AF6D-098DBE7FB3B4}.Debug|Any CPU.ActiveCfg = Debug|Any CPU
		{3EFEF2D1-5D08-46FD-AF6D-098DBE7FB3B4}.Debug|Any CPU.Build.0 = Debug|Any CPU
		{3EFEF2D1-5D08-46FD-AF6D-098DBE7FB3B4}.Release|Any CPU.ActiveCfg = Release|Any CPU
		{3EFEF2D1-5D08-46FD-AF6D-098DBE7FB3B4}.Release|Any CPU.Build.0 = Release|Any CPU
	EndGlobalSection
	GlobalSection(SolutionProperties) = preSolution
		HideSolutionNode = FALSE
	EndGlobalSection
EndGlobal
