
Microsoft Visual Studio Solution File, Format Version 12.00
# Visual Studio Version 16
VisualStudioVersion = 16.0.31005.135
MinimumVisualStudioVersion = 10.0.40219.1
Project("{9A19103F-16F7-4668-BE54-9A1E7A4F7556}") = "WaveFormRenderer", "WaveFormRenderer\WaveFormRenderer.csproj", "{F5334F42-9D05-43EB-8E98-2C02CED19BDF}"
EndProject
Project("{9A19103F-16F7-4668-BE54-9A1E7A4F7556}") = "WaveFormRendererLib", "WaveFormRendererLib\WaveFormRendererLib.csproj", "{3EFEF2D1-5D08-46FD-AF6D-098DBE7FB3B4}"
EndProject
Project("{2150E333-8FDC-42A3-9474-1A3956D46DE8}") = "Solution Items", "Solution Items", "{84D1A5F5-2A25-4ECF-B4DA-5F30DA496FF1}"
	ProjectSection(SolutionItems) = preProject
		.gitignore = .gitignore
		LICENSE = LICENSE
		README.md = README.md
	EndProjectSection
EndProject
Global
	GlobalSection(SolutionConfigurationPlatforms) = preSolution
		Debug|Any CPU = Debug|Any CPU
		Release|Any CPU = Release|Any CPU
	EndGlobalSection
	GlobalSection(ProjectConfigurationPlatforms) = postSolution
		{F5334F42-9D05-43EB-8E98-2C02CED19BDF}.Debug|Any CPU.ActiveCfg = Debug|Any CPU
		{F5334F42-9D05-43EB-8E98-2C02CED19BDF}.Debug|Any CPU.Build.0 = Debug|Any CPU
		{F5334F42-9D05-43EB-8E98-2C02CED19BDF}.Release|Any CPU.ActiveCfg = Release|Any CPU
		{F5334F42-9D05-43EB-8E98-2C02CED19BDF}.Release|Any CPU.Build.0 = Release|Any CPU
		{3EFEF2D1-5D08-46FD-AF6D-098DBE7FB3B4}.Debug|Any CPU.ActiveCfg = Debug|Any CPU
		{3EFEF2D1-5D08-46FD-AF6D-098DBE7FB3B4}.Debug|Any CPU.Build.0 = Debug|Any CPU
		{3EFEF2D1-5D08-46FD-AF6D-098DBE7FB3B4}.Release|Any CPU.ActiveCfg = Release|Any CPU
		{3EFEF2D1-5D08-46FD-AF6D-098DBE7FB3B4}.Release|Any CPU.Build.0 = Release|Any CPU
	EndGlobalSection
	GlobalSection(SolutionProperties) = preSolution
		HideSolutionNode = FALSE
	EndGlobalSection
	GlobalSection(ExtensibilityGlobals) = postSolution
		SolutionGuid = {616158F3-A51C-4406-BEE1-ED8541F28CDD}
	EndGlobalSection
EndGlobal
